
Microsoft Visual Studio Solution File, Format Version 12.00
# Visual Studio Version 17
VisualStudioVersion = 17.6.33829.357
MinimumVisualStudioVersion = 10.0.40219.1
Project("{FAE04EC0-301F-11D3-BF4B-00C04F79EFBC}") = "Client1", "Client1\Client1.csproj", "{0491E1E8-CB6B-4747-A4E2-4B81A57E6C68}"
EndProject
Project("{FAE04EC0-301F-11D3-BF4B-00C04F79EFBC}") = "Client2", "Client2\Client2.csproj", "{EB454547-7755-4CFD-9BE8-54E20C06E2AE}"
EndProject
Project("{FAE04EC0-301F-11D3-BF4B-00C04F79EFBC}") = "Client3", "Client3\Client3.csproj", "{7F76DF30-FF5B-4216-A3DC-D75BE4405453}"
EndProject
Project("{FAE04EC0-301F-11D3-BF4B-00C04F79EFBC}") = "Api", "Api\Api.csproj", "{ED6EB547-5DEB-46EA-9C69-C4A1834F782C}"
EndProject
Project("{E53339B2-1760-4266-BCC7-CA923CBCF16C}") = "docker-compose", "docker-compose.dcproj", "{B6DE6D68-2D8D-4D2C-B0E8-807648F38A24}"
EndProject
Global
	GlobalSection(SolutionConfigurationPlatforms) = preSolution
		Debug|Any CPU = Debug|Any CPU
		Release|Any CPU = Release|Any CPU
	EndGlobalSection
	GlobalSection(ProjectConfigurationPlatforms) = postSolution
		{0491E1E8-CB6B-4747-A4E2-4B81A57E6C68}.Debug|Any CPU.ActiveCfg = Debug|Any CPU
		{0491E1E8-CB6B-4747-A4E2-4B81A57E6C68}.Debug|Any CPU.Build.0 = Debug|Any CPU
		{0491E1E8-CB6B-4747-A4E2-4B81A57E6C68}.Release|Any CPU.ActiveCfg = Release|Any CPU
		{0491E1E8-CB6B-4747-A4E2-4B81A57E6C68}.Release|Any CPU.Build.0 = Release|Any CPU
		{EB454547-7755-4CFD-9BE8-54E20C06E2AE}.Debug|Any CPU.ActiveCfg = Debug|Any CPU
		{EB454547-7755-4CFD-9BE8-54E20C06E2AE}.Debug|Any CPU.Build.0 = Debug|Any CPU
		{EB454547-7755-4CFD-9BE8-54E20C06E2AE}.Release|Any CPU.ActiveCfg = Release|Any CPU
		{EB454547-7755-4CFD-9BE8-54E20C06E2AE}.Release|Any CPU.Build.0 = Release|Any CPU
		{7F76DF30-FF5B-4216-A3DC-D75BE4405453}.Debug|Any CPU.ActiveCfg = Debug|Any CPU
		{7F76DF30-FF5B-4216-A3DC-D75BE4405453}.Debug|Any CPU.Build.0 = Debug|Any CPU
		{7F76DF30-FF5B-4216-A3DC-D75BE4405453}.Release|Any CPU.ActiveCfg = Release|Any CPU
		{7F76DF30-FF5B-4216-A3DC-D75BE4405453}.Release|Any CPU.Build.0 = Release|Any CPU
		{ED6EB547-5DEB-46EA-9C69-C4A1834F782C}.Debug|Any CPU.ActiveCfg = Debug|Any CPU
		{ED6EB547-5DEB-46EA-9C69-C4A1834F782C}.Debug|Any CPU.Build.0 = Debug|Any CPU
		{ED6EB547-5DEB-46EA-9C69-C4A1834F782C}.Release|Any CPU.ActiveCfg = Release|Any CPU
		{ED6EB547-5DEB-46EA-9C69-C4A1834F782C}.Release|Any CPU.Build.0 = Release|Any CPU
		{B6DE6D68-2D8D-4D2C-B0E8-807648F38A24}.Debug|Any CPU.ActiveCfg = Debug|Any CPU
		{B6DE6D68-2D8D-4D2C-B0E8-807648F38A24}.Debug|Any CPU.Build.0 = Debug|Any CPU
		{B6DE6D68-2D8D-4D2C-B0E8-807648F38A24}.Release|Any CPU.ActiveCfg = Release|Any CPU
		{B6DE6D68-2D8D-4D2C-B0E8-807648F38A24}.Release|Any CPU.Build.0 = Release|Any CPU
	EndGlobalSection
	GlobalSection(SolutionProperties) = preSolution
		HideSolutionNode = FALSE
	EndGlobalSection
	GlobalSection(ExtensibilityGlobals) = postSolution
		SolutionGuid = {CE69191F-B0AC-4EED-A055-EA00B4DE7C6E}
	EndGlobalSection
EndGlobal
